// !$*UTF8*$!
{
	archiveVersion = 1;
	classes = {
	};
	objectVersion = 52;
	objects = {

/* Begin PBXBuildFile section */
		D73C3E3825D2CD4D00C547BD /* AppDelegate.swift in Sources */ = {isa = PBXBuildFile; fileRef = D73C3E3725D2CD4D00C547BD /* AppDelegate.swift */; };
		D73C3E3A25D2CD4D00C547BD /* SceneDelegate.swift in Sources */ = {isa = PBXBuildFile; fileRef = D73C3E3925D2CD4D00C547BD /* SceneDelegate.swift */; };
		D73C3E3C25D2CD4D00C547BD /* ViewController.swift in Sources */ = {isa = PBXBuildFile; fileRef = D73C3E3B25D2CD4D00C547BD /* ViewController.swift */; };
		D73C3E3F25D2CD4D00C547BD /* Main.storyboard in Resources */ = {isa = PBXBuildFile; fileRef = D73C3E3D25D2CD4D00C547BD /* Main.storyboard */; };
		D73C3E4125D2CD4F00C547BD /* Assets.xcassets in Resources */ = {isa = PBXBuildFile; fileRef = D73C3E4025D2CD4F00C547BD /* Assets.xcassets */; };
		D73C3E4425D2CD4F00C547BD /* LaunchScreen.storyboard in Resources */ = {isa = PBXBuildFile; fileRef = D73C3E4225D2CD4F00C547BD /* LaunchScreen.storyboard */; };
		D73C3E5025D2CE1000C547BD /* MessageModel.swift in Sources */ = {isa = PBXBuildFile; fileRef = D73C3E4F25D2CE1000C547BD /* MessageModel.swift */; };
		D73C3E5425D2CE6F00C547BD /* MessageStructure.swift in Sources */ = {isa = PBXBuildFile; fileRef = D73C3E5325D2CE6F00C547BD /* MessageStructure.swift */; };
		D73C3E5725D2CE9A00C547BD /* Constants.swift in Sources */ = {isa = PBXBuildFile; fileRef = D73C3E5625D2CE9A00C547BD /* Constants.swift */; };
		D73C3E6225D2ED4500C547BD /* BlueCell.swift in Sources */ = {isa = PBXBuildFile; fileRef = D73C3E6025D2ED4500C547BD /* BlueCell.swift */; };
		D73C3E6325D2ED4500C547BD /* BlueCell.xib in Resources */ = {isa = PBXBuildFile; fileRef = D73C3E6125D2ED4500C547BD /* BlueCell.xib */; };
		D73C3E6F25D2F36D00C547BD /* Charts in Frameworks */ = {isa = PBXBuildFile; productRef = D73C3E6E25D2F36D00C547BD /* Charts */; };
/* End PBXBuildFile section */

/* Begin PBXFileReference section */
		D73C3E3425D2CD4D00C547BD /* Meet Pie BT.app */ = {isa = PBXFileReference; explicitFileType = wrapper.application; includeInIndex = 0; path = "Meet Pie BT.app"; sourceTree = BUILT_PRODUCTS_DIR; };
		D73C3E3725D2CD4D00C547BD /* AppDelegate.swift */ = {isa = PBXFileReference; lastKnownFileType = sourcecode.swift; path = AppDelegate.swift; sourceTree = "<group>"; };
		D73C3E3925D2CD4D00C547BD /* SceneDelegate.swift */ = {isa = PBXFileReference; lastKnownFileType = sourcecode.swift; path = SceneDelegate.swift; sourceTree = "<group>"; };
		D73C3E3B25D2CD4D00C547BD /* ViewController.swift */ = {isa = PBXFileReference; lastKnownFileType = sourcecode.swift; path = ViewController.swift; sourceTree = "<group>"; };
		D73C3E3E25D2CD4D00C547BD /* Base */ = {isa = PBXFileReference; lastKnownFileType = file.storyboard; name = Base; path = Base.lproj/Main.storyboard; sourceTree = "<group>"; };
		D73C3E4025D2CD4F00C547BD /* Assets.xcassets */ = {isa = PBXFileReference; lastKnownFileType = folder.assetcatalog; path = Assets.xcassets; sourceTree = "<group>"; };
		D73C3E4325D2CD4F00C547BD /* Base */ = {isa = PBXFileReference; lastKnownFileType = file.storyboard; name = Base; path = Base.lproj/LaunchScreen.storyboard; sourceTree = "<group>"; };
		D73C3E4525D2CD4F00C547BD /* Info.plist */ = {isa = PBXFileReference; lastKnownFileType = text.plist.xml; path = Info.plist; sourceTree = "<group>"; };
		D73C3E4F25D2CE1000C547BD /* MessageModel.swift */ = {isa = PBXFileReference; lastKnownFileType = sourcecode.swift; path = MessageModel.swift; sourceTree = "<group>"; };
		D73C3E5325D2CE6F00C547BD /* MessageStructure.swift */ = {isa = PBXFileReference; lastKnownFileType = sourcecode.swift; path = MessageStructure.swift; sourceTree = "<group>"; };
		D73C3E5625D2CE9A00C547BD /* Constants.swift */ = {isa = PBXFileReference; lastKnownFileType = sourcecode.swift; path = Constants.swift; sourceTree = "<group>"; };
		D73C3E6025D2ED4500C547BD /* BlueCell.swift */ = {isa = PBXFileReference; lastKnownFileType = sourcecode.swift; path = BlueCell.swift; sourceTree = "<group>"; };
		D73C3E6125D2ED4500C547BD /* BlueCell.xib */ = {isa = PBXFileReference; lastKnownFileType = file.xib; path = BlueCell.xib; sourceTree = "<group>"; };
/* End PBXFileReference section */

/* Begin PBXFrameworksBuildPhase section */
		D73C3E3125D2CD4D00C547BD /* Frameworks */ = {
			isa = PBXFrameworksBuildPhase;
			buildActionMask = 2147483647;
			files = (
				D73C3E6F25D2F36D00C547BD /* Charts in Frameworks */,
			);
			runOnlyForDeploymentPostprocessing = 0;
		};
/* End PBXFrameworksBuildPhase section */

/* Begin PBXGroup section */
		D73C3E2B25D2CD4D00C547BD = {
			isa = PBXGroup;
			children = (
				D73C3E3625D2CD4D00C547BD /* Meet Pie BT */,
				D73C3E3525D2CD4D00C547BD /* Products */,
			);
			sourceTree = "<group>";
		};
		D73C3E3525D2CD4D00C547BD /* Products */ = {
			isa = PBXGroup;
			children = (
				D73C3E3425D2CD4D00C547BD /* Meet Pie BT.app */,
			);
			name = Products;
			sourceTree = "<group>";
		};
		D73C3E3625D2CD4D00C547BD /* Meet Pie BT */ = {
			isa = PBXGroup;
			children = (
				D73C3E4E25D2CD8000C547BD /* View */,
				D73C3E4D25D2CD6500C547BD /* Controller */,
				D73C3E4C25D2CD5D00C547BD /* Model */,
				D73C3E3725D2CD4D00C547BD /* AppDelegate.swift */,
				D73C3E3925D2CD4D00C547BD /* SceneDelegate.swift */,
				D73C3E4025D2CD4F00C547BD /* Assets.xcassets */,
				D73C3E4525D2CD4F00C547BD /* Info.plist */,
				D73C3E5625D2CE9A00C547BD /* Constants.swift */,
			);
			path = "Meet Pie BT";
			sourceTree = "<group>";
		};
		D73C3E4C25D2CD5D00C547BD /* Model */ = {
			isa = PBXGroup;
			children = (
				D73C3E4F25D2CE1000C547BD /* MessageModel.swift */,
				D73C3E5325D2CE6F00C547BD /* MessageStructure.swift */,
			);
			path = Model;
			sourceTree = "<group>";
		};
		D73C3E4D25D2CD6500C547BD /* Controller */ = {
			isa = PBXGroup;
			children = (
				D73C3E3B25D2CD4D00C547BD /* ViewController.swift */,
				D73C3E6025D2ED4500C547BD /* BlueCell.swift */,
			);
			path = Controller;
			sourceTree = "<group>";
		};
		D73C3E4E25D2CD8000C547BD /* View */ = {
			isa = PBXGroup;
			children = (
				D73C3E4225D2CD4F00C547BD /* LaunchScreen.storyboard */,
				D73C3E3D25D2CD4D00C547BD /* Main.storyboard */,
				D73C3E6125D2ED4500C547BD /* BlueCell.xib */,
			);
			path = View;
			sourceTree = "<group>";
		};
/* End PBXGroup section */

/* Begin PBXNativeTarget section */
		D73C3E3325D2CD4D00C547BD /* Meet Pie BT */ = {
			isa = PBXNativeTarget;
			buildConfigurationList = D73C3E4825D2CD4F00C547BD /* Build configuration list for PBXNativeTarget "Meet Pie BT" */;
			buildPhases = (
				D73C3E3025D2CD4D00C547BD /* Sources */,
				D73C3E3125D2CD4D00C547BD /* Frameworks */,
				D73C3E3225D2CD4D00C547BD /* Resources */,
			);
			buildRules = (
			);
			dependencies = (
			);
			name = "Meet Pie BT";
			packageProductDependencies = (
				D73C3E6E25D2F36D00C547BD /* Charts */,
			);
			productName = "Meet Pie BT";
			productReference = D73C3E3425D2CD4D00C547BD /* Meet Pie BT.app */;
			productType = "com.apple.product-type.application";
		};
/* End PBXNativeTarget section */

/* Begin PBXProject section */
		D73C3E2C25D2CD4D00C547BD /* Project object */ = {
			isa = PBXProject;
			attributes = {
				LastSwiftUpdateCheck = 1220;
				LastUpgradeCheck = 1220;
				TargetAttributes = {
					D73C3E3325D2CD4D00C547BD = {
						CreatedOnToolsVersion = 12.2;
					};
				};
			};
			buildConfigurationList = D73C3E2F25D2CD4D00C547BD /* Build configuration list for PBXProject "Meet Pie BT" */;
			compatibilityVersion = "Xcode 9.3";
			developmentRegion = en;
			hasScannedForEncodings = 0;
			knownRegions = (
				en,
				Base,
			);
			mainGroup = D73C3E2B25D2CD4D00C547BD;
			packageReferences = (
				D73C3E6D25D2F36D00C547BD /* XCRemoteSwiftPackageReference "Charts" */,
			);
			productRefGroup = D73C3E3525D2CD4D00C547BD /* Products */;
			projectDirPath = "";
			projectRoot = "";
			targets = (
				D73C3E3325D2CD4D00C547BD /* Meet Pie BT */,
			);
		};
/* End PBXProject section */

/* Begin PBXResourcesBuildPhase section */
		D73C3E3225D2CD4D00C547BD /* Resources */ = {
			isa = PBXResourcesBuildPhase;
			buildActionMask = 2147483647;
			files = (
				D73C3E4425D2CD4F00C547BD /* LaunchScreen.storyboard in Resources */,
				D73C3E6325D2ED4500C547BD /* BlueCell.xib in Resources */,
				D73C3E4125D2CD4F00C547BD /* Assets.xcassets in Resources */,
				D73C3E3F25D2CD4D00C547BD /* Main.storyboard in Resources */,
			);
			runOnlyForDeploymentPostprocessing = 0;
		};
/* End PBXResourcesBuildPhase section */

/* Begin PBXSourcesBuildPhase section */
		D73C3E3025D2CD4D00C547BD /* Sources */ = {
			isa = PBXSourcesBuildPhase;
			buildActionMask = 2147483647;
			files = (
				D73C3E6225D2ED4500C547BD /* BlueCell.swift in Sources */,
				D73C3E3C25D2CD4D00C547BD /* ViewController.swift in Sources */,
				D73C3E5425D2CE6F00C547BD /* MessageStructure.swift in Sources */,
				D73C3E3825D2CD4D00C547BD /* AppDelegate.swift in Sources */,
				D73C3E3A25D2CD4D00C547BD /* SceneDelegate.swift in Sources */,
				D73C3E5025D2CE1000C547BD /* MessageModel.swift in Sources */,
				D73C3E5725D2CE9A00C547BD /* Constants.swift in Sources */,
			);
			runOnlyForDeploymentPostprocessing = 0;
		};
/* End PBXSourcesBuildPhase section */

/* Begin PBXVariantGroup section */
		D73C3E3D25D2CD4D00C547BD /* Main.storyboard */ = {
			isa = PBXVariantGroup;
			children = (
				D73C3E3E25D2CD4D00C547BD /* Base */,
			);
			name = Main.storyboard;
			sourceTree = "<group>";
		};
		D73C3E4225D2CD4F00C547BD /* LaunchScreen.storyboard */ = {
			isa = PBXVariantGroup;
			children = (
				D73C3E4325D2CD4F00C547BD /* Base */,
			);
			name = LaunchScreen.storyboard;
			sourceTree = "<group>";
		};
/* End PBXVariantGroup section */

/* Begin XCBuildConfiguration section */
		D73C3E4625D2CD4F00C547BD /* Debug */ = {
			isa = XCBuildConfiguration;
			buildSettings = {
				ALWAYS_SEARCH_USER_PATHS = NO;
				CLANG_ANALYZER_NONNULL = YES;
				CLANG_ANALYZER_NUMBER_OBJECT_CONVERSION = YES_AGGRESSIVE;
				CLANG_CXX_LANGUAGE_STANDARD = "gnu++14";
				CLANG_CXX_LIBRARY = "libc++";
				CLANG_ENABLE_MODULES = YES;
				CLANG_ENABLE_OBJC_ARC = YES;
				CLANG_ENABLE_OBJC_WEAK = YES;
				CLANG_WARN_BLOCK_CAPTURE_AUTORELEASING = YES;
				CLANG_WARN_BOOL_CONVERSION = YES;
				CLANG_WARN_COMMA = YES;
				CLANG_WARN_CONSTANT_CONVERSION = YES;
				CLANG_WARN_DEPRECATED_OBJC_IMPLEMENTATIONS = YES;
				CLANG_WARN_DIRECT_OBJC_ISA_USAGE = YES_ERROR;
				CLANG_WARN_DOCUMENTATION_COMMENTS = YES;
				CLANG_WARN_EMPTY_BODY = YES;
				CLANG_WARN_ENUM_CONVERSION = YES;
				CLANG_WARN_INFINITE_RECURSION = YES;
				CLANG_WARN_INT_CONVERSION = YES;
				CLANG_WARN_NON_LITERAL_NULL_CONVERSION = YES;
				CLANG_WARN_OBJC_IMPLICIT_RETAIN_SELF = YES;
				CLANG_WARN_OBJC_LITERAL_CONVERSION = YES;
				CLANG_WARN_OBJC_ROOT_CLASS = YES_ERROR;
				CLANG_WARN_QUOTED_INCLUDE_IN_FRAMEWORK_HEADER = YES;
				CLANG_WARN_RANGE_LOOP_ANALYSIS = YES;
				CLANG_WARN_STRICT_PROTOTYPES = YES;
				CLANG_WARN_SUSPICIOUS_MOVE = YES;
				CLANG_WARN_UNGUARDED_AVAILABILITY = YES_AGGRESSIVE;
				CLANG_WARN_UNREACHABLE_CODE = YES;
				CLANG_WARN__DUPLICATE_METHOD_MATCH = YES;
				COPY_PHASE_STRIP = NO;
				DEBUG_INFORMATION_FORMAT = dwarf;
				ENABLE_STRICT_OBJC_MSGSEND = YES;
				ENABLE_TESTABILITY = YES;
				GCC_C_LANGUAGE_STANDARD = gnu11;
				GCC_DYNAMIC_NO_PIC = NO;
				GCC_NO_COMMON_BLOCKS = YES;
				GCC_OPTIMIZATION_LEVEL = 0;
				GCC_PREPROCESSOR_DEFINITIONS = (
					"DEBUG=1",
					"$(inherited)",
				);
				GCC_WARN_64_TO_32_BIT_CONVERSION = YES;
				GCC_WARN_ABOUT_RETURN_TYPE = YES_ERROR;
				GCC_WARN_UNDECLARED_SELECTOR = YES;
				GCC_WARN_UNINITIALIZED_AUTOS = YES_AGGRESSIVE;
				GCC_WARN_UNUSED_FUNCTION = YES;
				GCC_WARN_UNUSED_VARIABLE = YES;
				IPHONEOS_DEPLOYMENT_TARGET = 12.4;
				MTL_ENABLE_DEBUG_INFO = INCLUDE_SOURCE;
				MTL_FAST_MATH = YES;
				ONLY_ACTIVE_ARCH = YES;
				SDKROOT = iphoneos;
				SWIFT_ACTIVE_COMPILATION_CONDITIONS = DEBUG;
				SWIFT_OPTIMIZATION_LEVEL = "-Onone";
			};
			name = Debug;
		};
		D73C3E4725D2CD4F00C547BD /* Release */ = {
			isa = XCBuildConfiguration;
			buildSettings = {
				ALWAYS_SEARCH_USER_PATHS = NO;
				CLANG_ANALYZER_NONNULL = YES;
				CLANG_ANALYZER_NUMBER_OBJECT_CONVERSION = YES_AGGRESSIVE;
				CLANG_CXX_LANGUAGE_STANDARD = "gnu++14";
				CLANG_CXX_LIBRARY = "libc++";
				CLANG_ENABLE_MODULES = YES;
				CLANG_ENABLE_OBJC_ARC = YES;
				CLANG_ENABLE_OBJC_WEAK = YES;
				CLANG_WARN_BLOCK_CAPTURE_AUTORELEASING = YES;
				CLANG_WARN_BOOL_CONVERSION = YES;
				CLANG_WARN_COMMA = YES;
				CLANG_WARN_CONSTANT_CONVERSION = YES;
				CLANG_WARN_DEPRECATED_OBJC_IMPLEMENTATIONS = YES;
				CLANG_WARN_DIRECT_OBJC_ISA_USAGE = YES_ERROR;
				CLANG_WARN_DOCUMENTATION_COMMENTS = YES;
				CLANG_WARN_EMPTY_BODY = YES;
				CLANG_WARN_ENUM_CONVERSION = YES;
				CLANG_WARN_INFINITE_RECURSION = YES;
				CLANG_WARN_INT_CONVERSION = YES;
				CLANG_WARN_NON_LITERAL_NULL_CONVERSION = YES;
				CLANG_WARN_OBJC_IMPLICIT_RETAIN_SELF = YES;
				CLANG_WARN_OBJC_LITERAL_CONVERSION = YES;
				CLANG_WARN_OBJC_ROOT_CLASS = YES_ERROR;
				CLANG_WARN_QUOTED_INCLUDE_IN_FRAMEWORK_HEADER = YES;
				CLANG_WARN_RANGE_LOOP_ANALYSIS = YES;
				CLANG_WARN_STRICT_PROTOTYPES = YES;
				CLANG_WARN_SUSPICIOUS_MOVE = YES;
				CLANG_WARN_UNGUARDED_AVAILABILITY = YES_AGGRESSIVE;
				CLANG_WARN_UNREACHABLE_CODE = YES;
				CLANG_WARN__DUPLICATE_METHOD_MATCH = YES;
				COPY_PHASE_STRIP = NO;
				DEBUG_INFORMATION_FORMAT = "dwarf-with-dsym";
				ENABLE_NS_ASSERTIONS = NO;
				ENABLE_STRICT_OBJC_MSGSEND = YES;
				GCC_C_LANGUAGE_STANDARD = gnu11;
				GCC_NO_COMMON_BLOCKS = YES;
				GCC_WARN_64_TO_32_BIT_CONVERSION = YES;
				GCC_WARN_ABOUT_RETURN_TYPE = YES_ERROR;
				GCC_WARN_UNDECLARED_SELECTOR = YES;
				GCC_WARN_UNINITIALIZED_AUTOS = YES_AGGRESSIVE;
				GCC_WARN_UNUSED_FUNCTION = YES;
				GCC_WARN_UNUSED_VARIABLE = YES;
				IPHONEOS_DEPLOYMENT_TARGET = 12.4;
				MTL_ENABLE_DEBUG_INFO = NO;
				MTL_FAST_MATH = YES;
				SDKROOT = iphoneos;
				SWIFT_COMPILATION_MODE = wholemodule;
				SWIFT_OPTIMIZATION_LEVEL = "-O";
				VALIDATE_PRODUCT = YES;
			};
			name = Release;
		};
		D73C3E4925D2CD4F00C547BD /* Debug */ = {
			isa = XCBuildConfiguration;
			buildSettings = {
				ASSETCATALOG_COMPILER_APPICON_NAME = AppIcon;
				ASSETCATALOG_COMPILER_GLOBAL_ACCENT_COLOR_NAME = AccentColor;
				CODE_SIGN_STYLE = Automatic;
				DEVELOPMENT_TEAM = 564J86N8B4;
				INFOPLIST_FILE = "Meet Pie BT/Info.plist";
				IPHONEOS_DEPLOYMENT_TARGET = 12.4;
				LD_RUNPATH_SEARCH_PATHS = (
					"$(inherited)",
					"@executable_path/Frameworks",
				);
				PRODUCT_BUNDLE_IDENTIFIER = "com.stephendevlin.Meet-Pie-BT";
				PRODUCT_NAME = "$(TARGET_NAME)";
				SWIFT_VERSION = 5.0;
				TARGETED_DEVICE_FAMILY = 2;
			};
			name = Debug;
		};
		D73C3E4A25D2CD4F00C547BD /* Release */ = {
			isa = XCBuildConfiguration;
			buildSettings = {
				ASSETCATALOG_COMPILER_APPICON_NAME = AppIcon;
				ASSETCATALOG_COMPILER_GLOBAL_ACCENT_COLOR_NAME = AccentColor;
				CODE_SIGN_STYLE = Automatic;
				DEVELOPMENT_TEAM = 564J86N8B4;
				INFOPLIST_FILE = "Meet Pie BT/Info.plist";
				IPHONEOS_DEPLOYMENT_TARGET = 12.4;
				LD_RUNPATH_SEARCH_PATHS = (
					"$(inherited)",
					"@executable_path/Frameworks",
				);
				PRODUCT_BUNDLE_IDENTIFIER = "com.stephendevlin.Meet-Pie-BT";
				PRODUCT_NAME = "$(TARGET_NAME)";
				SWIFT_VERSION = 5.0;
				TARGETED_DEVICE_FAMILY = 2;
			};
			name = Release;
		};
/* End XCBuildConfiguration section */

/* Begin XCConfigurationList section */
		D73C3E2F25D2CD4D00C547BD /* Build configuration list for PBXProject "Meet Pie BT" */ = {
			isa = XCConfigurationList;
			buildConfigurations = (
				D73C3E4625D2CD4F00C547BD /* Debug */,
				D73C3E4725D2CD4F00C547BD /* Release */,
			);
			defaultConfigurationIsVisible = 0;
			defaultConfigurationName = Release;
		};
		D73C3E4825D2CD4F00C547BD /* Build configuration list for PBXNativeTarget "Meet Pie BT" */ = {
			isa = XCConfigurationList;
			buildConfigurations = (
				D73C3E4925D2CD4F00C547BD /* Debug */,
				D73C3E4A25D2CD4F00C547BD /* Release */,
			);
			defaultConfigurationIsVisible = 0;
			defaultConfigurationName = Release;
		};
/* End XCConfigurationList section */

/* Begin XCRemoteSwiftPackageReference section */
		D73C3E6D25D2F36D00C547BD /* XCRemoteSwiftPackageReference "Charts" */ = {
			isa = XCRemoteSwiftPackageReference;
			repositoryURL = "https://github.com/danielgindi/Charts.git";
			requirement = {
				branch = master;
				kind = branch;
			};
		};
/* End XCRemoteSwiftPackageReference section */

/* Begin XCSwiftPackageProductDependency section */
		D73C3E6E25D2F36D00C547BD /* Charts */ = {
			isa = XCSwiftPackageProductDependency;
			package = D73C3E6D25D2F36D00C547BD /* XCRemoteSwiftPackageReference "Charts" */;
			productName = Charts;
		};
/* End XCSwiftPackageProductDependency section */
	};
	rootObject = D73C3E2C25D2CD4D00C547BD /* Project object */;
}
