{
  "object": {
    "pins": [
      {
        "package": "Charts",
        "repositoryURL": "https://github.com/danielgindi/Charts.git",
        "state": {
          "branch": "master",
          "revision": "30cd352013d489ea49fd605dd2c0f3d6c685d0a5",
          "version": null
        }
      },
      {
        "package": "swift-algorithms",
        "repositoryURL": "https://github.com/apple/swift-algorithms",
        "state": {
          "branch": null,
          "revision": "bb3bafeca0e164ece3403a9de646b7d38c07dd49",
          "version": "0.0.2"
        }
      },
      {
        "package": "swift-numerics",
        "repositoryURL": "https://github.com/apple/swift-numerics",
        "state": {
          "branch": null,
          "revision": "6b24333510e9044cf4716a07bed65eeed6bc6393",
          "version": "0.0.8"
        }
      }
    ]
  },
  "version": 1
}
